
Microsoft Visual Studio Solution File, Format Version 12.00
# Visual Studio Version 16
VisualStudioVersion = 16.0.30128.74
MinimumVisualStudioVersion = 10.0.40219.1
Project("{FAE04EC0-301F-11D3-BF4B-00C04F79EFBC}") = "AirsoftDeliciasChihuahua.Net4.WinForm", "AirsoftDeliciasChihuahua\AirsoftDeliciasChihuahua.Net4.WinForm.csproj", "{A7D1C851-669C-43DA-AF90-AC48E5C2D919}"
EndProject
Project("{2150E333-8FDC-42A3-9474-1A3956D46DE8}") = "References", "References", "{9DBEC4DF-4305-449C-B3F3-104D0228BE38}"
EndProject
Project("{9A19103F-16F7-4668-BE54-9A1E7A4F7556}") = "OKHOSTING.Core", "..\..\OKHOSTING.Core\src\Standard\OKHOSTING.Core\OKHOSTING.Core.csproj", "{7BCEEEA5-5F7D-491E-A58F-CE9079456D1F}"
EndProject
Project("{9A19103F-16F7-4668-BE54-9A1E7A4F7556}") = "OKHOSTING.ORM", "..\..\OKHOSTING.ORM\src\Standard\OKHOSTING.ORM\OKHOSTING.ORM.csproj", "{29492020-26BB-43F2-A314-2CB4876303DE}"
EndProject
Project("{9A19103F-16F7-4668-BE54-9A1E7A4F7556}") = "OKHOSTING.ORM.UI", "..\..\OKHOSTING.ORM\src\Standard\OKHOSTING.ORM.UI\OKHOSTING.ORM.UI.csproj", "{59E5B104-C2A1-4F28-BB33-31F408E5C227}"
EndProject
Project("{9A19103F-16F7-4668-BE54-9A1E7A4F7556}") = "OKHOSTING.UI", "..\..\OKHOSTING.UI\src\Standard\OKHOSTING.UI\OKHOSTING.UI.csproj", "{67892927-E70F-4517-8EAE-1A7AFCE9AF7B}"
EndProject
Project("{FAE04EC0-301F-11D3-BF4B-00C04F79EFBC}") = "OKHOSTING.UI.Net4.WinForms", "..\..\OKHOSTING.UI\src\Net4\OKHOSTING.UI.Net4.WinForms\OKHOSTING.UI.Net4.WinForms.csproj", "{3D1E7E01-F74A-4A00-8037-36F9D51A5860}"
EndProject
Project("{2150E333-8FDC-42A3-9474-1A3956D46DE8}") = "Net4", "Net4", "{3A68A9DB-1476-4774-983B-AB7C36143608}"
EndProject
Project("{2150E333-8FDC-42A3-9474-1A3956D46DE8}") = "Standard", "Standard", "{E1E8A3C4-24D4-41C3-A899-F14027A7B0B0}"
EndProject
Project("{9A19103F-16F7-4668-BE54-9A1E7A4F7556}") = "AirsoftDeliciasChihuahua.Standard", "AirsoftDeliciasChihuahua.Standard\AirsoftDeliciasChihuahua.Standard.csproj", "{0D006277-7BB3-4955-BA5B-FB25124E5A6A}"
EndProject
Project("{9A19103F-16F7-4668-BE54-9A1E7A4F7556}") = "OKHOSTING.SQL", "..\..\OKHOSTING.SQL\src\Standard\OKHOSTING.SQL\OKHOSTING.SQL.csproj", "{65EAB2EC-480B-40BA-A37C-F75E7A147A43}"
EndProject
Project("{9A19103F-16F7-4668-BE54-9A1E7A4F7556}") = "OKHOSTING.SQL.DbProviders", "..\..\OKHOSTING.SQL\src\Standard\OKHOSTING.SQL.DbProviders\OKHOSTING.SQL.DbProviders.csproj", "{4AAB6851-33EB-4118-8CFD-20CAAC389B76}"
EndProject
Project("{9A19103F-16F7-4668-BE54-9A1E7A4F7556}") = "OKHOSTING.SQL.DbProviders.MySql", "..\..\OKHOSTING.SQL\src\Standard\OKHOSTING.SQL.DbProviders.MySql\OKHOSTING.SQL.DbProviders.MySql.csproj", "{B79FD364-37D6-4283-8F99-B207521784F3}"
EndProject
Global
	GlobalSection(SolutionConfigurationPlatforms) = preSolution
		Debug|Any CPU = Debug|Any CPU
		Release|Any CPU = Release|Any CPU
	EndGlobalSection
	GlobalSection(ProjectConfigurationPlatforms) = postSolution
		{A7D1C851-669C-43DA-AF90-AC48E5C2D919}.Debug|Any CPU.ActiveCfg = Debug|Any CPU
		{A7D1C851-669C-43DA-AF90-AC48E5C2D919}.Debug|Any CPU.Build.0 = Debug|Any CPU
		{A7D1C851-669C-43DA-AF90-AC48E5C2D919}.Release|Any CPU.ActiveCfg = Release|Any CPU
		{A7D1C851-669C-43DA-AF90-AC48E5C2D919}.Release|Any CPU.Build.0 = Release|Any CPU
		{7BCEEEA5-5F7D-491E-A58F-CE9079456D1F}.Debug|Any CPU.ActiveCfg = Debug|Any CPU
		{7BCEEEA5-5F7D-491E-A58F-CE9079456D1F}.Debug|Any CPU.Build.0 = Debug|Any CPU
		{7BCEEEA5-5F7D-491E-A58F-CE9079456D1F}.Release|Any CPU.ActiveCfg = Release|Any CPU
		{7BCEEEA5-5F7D-491E-A58F-CE9079456D1F}.Release|Any CPU.Build.0 = Release|Any CPU
		{29492020-26BB-43F2-A314-2CB4876303DE}.Debug|Any CPU.ActiveCfg = Debug|Any CPU
		{29492020-26BB-43F2-A314-2CB4876303DE}.Debug|Any CPU.Build.0 = Debug|Any CPU
		{29492020-26BB-43F2-A314-2CB4876303DE}.Release|Any CPU.ActiveCfg = Release|Any CPU
		{29492020-26BB-43F2-A314-2CB4876303DE}.Release|Any CPU.Build.0 = Release|Any CPU
		{59E5B104-C2A1-4F28-BB33-31F408E5C227}.Debug|Any CPU.ActiveCfg = Debug|Any CPU
		{59E5B104-C2A1-4F28-BB33-31F408E5C227}.Debug|Any CPU.Build.0 = Debug|Any CPU
		{59E5B104-C2A1-4F28-BB33-31F408E5C227}.Release|Any CPU.ActiveCfg = Release|Any CPU
		{59E5B104-C2A1-4F28-BB33-31F408E5C227}.Release|Any CPU.Build.0 = Release|Any CPU
		{67892927-E70F-4517-8EAE-1A7AFCE9AF7B}.Debug|Any CPU.ActiveCfg = Debug|Any CPU
		{67892927-E70F-4517-8EAE-1A7AFCE9AF7B}.Debug|Any CPU.Build.0 = Debug|Any CPU
		{67892927-E70F-4517-8EAE-1A7AFCE9AF7B}.Release|Any CPU.ActiveCfg = Release|Any CPU
		{67892927-E70F-4517-8EAE-1A7AFCE9AF7B}.Release|Any CPU.Build.0 = Release|Any CPU
		{3D1E7E01-F74A-4A00-8037-36F9D51A5860}.Debug|Any CPU.ActiveCfg = Debug|Any CPU
		{3D1E7E01-F74A-4A00-8037-36F9D51A5860}.Debug|Any CPU.Build.0 = Debug|Any CPU
		{3D1E7E01-F74A-4A00-8037-36F9D51A5860}.Release|Any CPU.ActiveCfg = Release|Any CPU
		{3D1E7E01-F74A-4A00-8037-36F9D51A5860}.Release|Any CPU.Build.0 = Release|Any CPU
		{0D006277-7BB3-4955-BA5B-FB25124E5A6A}.Debug|Any CPU.ActiveCfg = Debug|Any CPU
		{0D006277-7BB3-4955-BA5B-FB25124E5A6A}.Debug|Any CPU.Build.0 = Debug|Any CPU
		{0D006277-7BB3-4955-BA5B-FB25124E5A6A}.Release|Any CPU.ActiveCfg = Release|Any CPU
		{0D006277-7BB3-4955-BA5B-FB25124E5A6A}.Release|Any CPU.Build.0 = Release|Any CPU
		{65EAB2EC-480B-40BA-A37C-F75E7A147A43}.Debug|Any CPU.ActiveCfg = Debug|Any CPU
		{65EAB2EC-480B-40BA-A37C-F75E7A147A43}.Debug|Any CPU.Build.0 = Debug|Any CPU
		{65EAB2EC-480B-40BA-A37C-F75E7A147A43}.Release|Any CPU.ActiveCfg = Release|Any CPU
		{65EAB2EC-480B-40BA-A37C-F75E7A147A43}.Release|Any CPU.Build.0 = Release|Any CPU
		{4AAB6851-33EB-4118-8CFD-20CAAC389B76}.Debug|Any CPU.ActiveCfg = Debug|Any CPU
		{4AAB6851-33EB-4118-8CFD-20CAAC389B76}.Debug|Any CPU.Build.0 = Debug|Any CPU
		{4AAB6851-33EB-4118-8CFD-20CAAC389B76}.Release|Any CPU.ActiveCfg = Release|Any CPU
		{4AAB6851-33EB-4118-8CFD-20CAAC389B76}.Release|Any CPU.Build.0 = Release|Any CPU
		{B79FD364-37D6-4283-8F99-B207521784F3}.Debug|Any CPU.ActiveCfg = Debug|Any CPU
		{B79FD364-37D6-4283-8F99-B207521784F3}.Debug|Any CPU.Build.0 = Debug|Any CPU
		{B79FD364-37D6-4283-8F99-B207521784F3}.Release|Any CPU.ActiveCfg = Release|Any CPU
		{B79FD364-37D6-4283-8F99-B207521784F3}.Release|Any CPU.Build.0 = Release|Any CPU
	EndGlobalSection
	GlobalSection(SolutionProperties) = preSolution
		HideSolutionNode = FALSE
	EndGlobalSection
	GlobalSection(NestedProjects) = preSolution
		{A7D1C851-669C-43DA-AF90-AC48E5C2D919} = {3A68A9DB-1476-4774-983B-AB7C36143608}
		{7BCEEEA5-5F7D-491E-A58F-CE9079456D1F} = {9DBEC4DF-4305-449C-B3F3-104D0228BE38}
		{29492020-26BB-43F2-A314-2CB4876303DE} = {9DBEC4DF-4305-449C-B3F3-104D0228BE38}
		{59E5B104-C2A1-4F28-BB33-31F408E5C227} = {9DBEC4DF-4305-449C-B3F3-104D0228BE38}
		{67892927-E70F-4517-8EAE-1A7AFCE9AF7B} = {9DBEC4DF-4305-449C-B3F3-104D0228BE38}
		{3D1E7E01-F74A-4A00-8037-36F9D51A5860} = {9DBEC4DF-4305-449C-B3F3-104D0228BE38}
		{0D006277-7BB3-4955-BA5B-FB25124E5A6A} = {E1E8A3C4-24D4-41C3-A899-F14027A7B0B0}
		{65EAB2EC-480B-40BA-A37C-F75E7A147A43} = {9DBEC4DF-4305-449C-B3F3-104D0228BE38}
		{4AAB6851-33EB-4118-8CFD-20CAAC389B76} = {9DBEC4DF-4305-449C-B3F3-104D0228BE38}
		{B79FD364-37D6-4283-8F99-B207521784F3} = {9DBEC4DF-4305-449C-B3F3-104D0228BE38}
	EndGlobalSection
	GlobalSection(ExtensibilityGlobals) = postSolution
		SolutionGuid = {D9AD5457-B94D-47DA-A06F-9D3D4AEDF4F5}
	EndGlobalSection
EndGlobal
